
Microsoft Visual Studio Solution File, Format Version 12.00
# Visual Studio Version 17
VisualStudioVersion = 17.11.35208.52
MinimumVisualStudioVersion = 10.0.40219.1
Project("{8BC9CEB8-8B4A-11D0-8D11-00A0C91BC942}") = "Task_2", "Task_2\Task_2.vcxproj", "{7F927193-FDE2-4C04-B4EF-57D7F327F6FD}"
EndProject
Global
	GlobalSection(SolutionConfigurationPlatforms) = preSolution
		Debug|x64 = Debug|x64
		Debug|x86 = Debug|x86
		Release|x64 = Release|x64
		Release|x86 = Release|x86
	EndGlobalSection
	GlobalSection(ProjectConfigurationPlatforms) = postSolution
		{7F927193-FDE2-4C04-B4EF-57D7F327F6FD}.Debug|x64.ActiveCfg = Debug|x64
		{7F927193-FDE2-4C04-B4EF-57D7F327F6FD}.Debug|x64.Build.0 = Debug|x64
		{7F927193-FDE2-4C04-B4EF-57D7F327F6FD}.Debug|x86.ActiveCfg = Debug|Win32
		{7F927193-FDE2-4C04-B4EF-57D7F327F6FD}.Debug|x86.Build.0 = Debug|Win32
		{7F927193-FDE2-4C04-B4EF-57D7F327F6FD}.Release|x64.ActiveCfg = Release|x64
		{7F927193-FDE2-4C04-B4EF-57D7F327F6FD}.Release|x64.Build.0 = Release|x64
		{7F927193-FDE2-4C04-B4EF-57D7F327F6FD}.Release|x86.ActiveCfg = Release|Win32
		{7F927193-FDE2-4C04-B4EF-57D7F327F6FD}.Release|x86.Build.0 = Release|Win32
	EndGlobalSection
	GlobalSection(SolutionProperties) = preSolution
		HideSolutionNode = FALSE
	EndGlobalSection
	GlobalSection(ExtensibilityGlobals) = postSolution
		SolutionGuid = {C6BB09A2-52DA-41F3-A172-EFEF259D9DFB}
	EndGlobalSection
EndGlobal
